
Microsoft Visual Studio Solution File, Format Version 12.00
# Visual Studio Version 17
VisualStudioVersion = 17.4.33205.214
MinimumVisualStudioVersion = 10.0.40219.1
Project("{FAE04EC0-301F-11D3-BF4B-00C04F79EFBC}") = "BigO.Cqrs", "BigO.Cqrs\BigO.Cqrs.csproj", "{D2695C33-7198-44E3-9DF9-78A8D062B379}"
EndProject
Global
	GlobalSection(SolutionConfigurationPlatforms) = preSolution
		Debug|Any CPU = Debug|Any CPU
		Release|Any CPU = Release|Any CPU
	EndGlobalSection
	GlobalSection(ProjectConfigurationPlatforms) = postSolution
		{D2695C33-7198-44E3-9DF9-78A8D062B379}.Debug|Any CPU.ActiveCfg = Debug|Any CPU
		{D2695C33-7198-44E3-9DF9-78A8D062B379}.Debug|Any CPU.Build.0 = Debug|Any CPU
		{D2695C33-7198-44E3-9DF9-78A8D062B379}.Release|Any CPU.ActiveCfg = Release|Any CPU
		{D2695C33-7198-44E3-9DF9-78A8D062B379}.Release|Any CPU.Build.0 = Release|Any CPU
	EndGlobalSection
	GlobalSection(SolutionProperties) = preSolution
		HideSolutionNode = FALSE
	EndGlobalSection
	GlobalSection(ExtensibilityGlobals) = postSolution
		SolutionGuid = {846ECC82-BBEF-4812-B324-EF99613C625B}
	EndGlobalSection
EndGlobal
